
Microsoft Visual Studio Solution File, Format Version 12.00
# Visual Studio Version 16
VisualStudioVersion = 16.0.29306.81
MinimumVisualStudioVersion = 10.0.40219.1
Project("{FAE04EC0-301F-11D3-BF4B-00C04F79EFBC}") = "WFA190919F12", "WFA190919F12\WFA190919F12.csproj", "{A5911DC5-A1EB-4976-8FC0-DB803E11BEF3}"
EndProject
Global
	GlobalSection(SolutionConfigurationPlatforms) = preSolution
		Debug|Any CPU = Debug|Any CPU
		Release|Any CPU = Release|Any CPU
	EndGlobalSection
	GlobalSection(ProjectConfigurationPlatforms) = postSolution
		{A5911DC5-A1EB-4976-8FC0-DB803E11BEF3}.Debug|Any CPU.ActiveCfg = Debug|Any CPU
		{A5911DC5-A1EB-4976-8FC0-DB803E11BEF3}.Debug|Any CPU.Build.0 = Debug|Any CPU
		{A5911DC5-A1EB-4976-8FC0-DB803E11BEF3}.Release|Any CPU.ActiveCfg = Release|Any CPU
		{A5911DC5-A1EB-4976-8FC0-DB803E11BEF3}.Release|Any CPU.Build.0 = Release|Any CPU
	EndGlobalSection
	GlobalSection(SolutionProperties) = preSolution
		HideSolutionNode = FALSE
	EndGlobalSection
	GlobalSection(ExtensibilityGlobals) = postSolution
		SolutionGuid = {3FFBB87A-A9CB-44B5-BC5A-1317D38E19F2}
	EndGlobalSection
EndGlobal
